
Microsoft Visual Studio Solution File, Format Version 12.00
# Visual Studio Version 17
VisualStudioVersion = 17.5.002.0
MinimumVisualStudioVersion = 10.0.40219.1
Project("{9A19103F-16F7-4668-BE54-9A1E7A4F7556}") = "CheckEabMessageFlow1.0", "CheckEabMessageFlow1.0.csproj", "{C0C853C1-700A-4134-B952-D07F69FF6FD0}"
EndProject
Global
	GlobalSection(SolutionConfigurationPlatforms) = preSolution
		Debug|Any CPU = Debug|Any CPU
		Release|Any CPU = Release|Any CPU
	EndGlobalSection
	GlobalSection(ProjectConfigurationPlatforms) = postSolution
		{C0C853C1-700A-4134-B952-D07F69FF6FD0}.Debug|Any CPU.ActiveCfg = Debug|Any CPU
		{C0C853C1-700A-4134-B952-D07F69FF6FD0}.Debug|Any CPU.Build.0 = Debug|Any CPU
		{C0C853C1-700A-4134-B952-D07F69FF6FD0}.Release|Any CPU.ActiveCfg = Release|Any CPU
		{C0C853C1-700A-4134-B952-D07F69FF6FD0}.Release|Any CPU.Build.0 = Release|Any CPU
	EndGlobalSection
	GlobalSection(SolutionProperties) = preSolution
		HideSolutionNode = FALSE
	EndGlobalSection
	GlobalSection(ExtensibilityGlobals) = postSolution
		SolutionGuid = {82BD6E8A-8B73-4AAE-B538-8472A9DBCAAF}
	EndGlobalSection
EndGlobal
